
Microsoft Visual Studio Solution File, Format Version 12.00
# Visual Studio Version 17
VisualStudioVersion = 17.5.33530.505
MinimumVisualStudioVersion = 10.0.40219.1
Project("{FAE04EC0-301F-11D3-BF4B-00C04F79EFBC}") = "Api", "Api\Api.csproj", "{BE799E7F-21DD-4049-9AAD-7283EAC5C04E}"
EndProject
Project("{FAE04EC0-301F-11D3-BF4B-00C04F79EFBC}") = "Domain", "Domain\Domain.csproj", "{BB6BF1EB-0331-451F-B26D-499EEE13975B}"
EndProject
Project("{FAE04EC0-301F-11D3-BF4B-00C04F79EFBC}") = "Infrastructure", "Infrastructure\Infrastructure.csproj", "{04AF7E7C-FF66-49C8-9C7A-A4015FE7CD31}"
EndProject
Project("{FAE04EC0-301F-11D3-BF4B-00C04F79EFBC}") = "Sql", "Sql\Sql.csproj", "{F1C2B503-57F1-4486-B11E-6D20B3392C14}"
EndProject
Project("{FAE04EC0-301F-11D3-BF4B-00C04F79EFBC}") = "Utilities", "Utilities\Utilities.csproj", "{C0E88020-1018-4AA8-8407-54ABE37D0A20}"
EndProject
Global
	GlobalSection(SolutionConfigurationPlatforms) = preSolution
		Debug|Any CPU = Debug|Any CPU
		Release|Any CPU = Release|Any CPU
	EndGlobalSection
	GlobalSection(ProjectConfigurationPlatforms) = postSolution
		{BE799E7F-21DD-4049-9AAD-7283EAC5C04E}.Debug|Any CPU.ActiveCfg = Debug|Any CPU
		{BE799E7F-21DD-4049-9AAD-7283EAC5C04E}.Debug|Any CPU.Build.0 = Debug|Any CPU
		{BE799E7F-21DD-4049-9AAD-7283EAC5C04E}.Release|Any CPU.ActiveCfg = Release|Any CPU
		{BE799E7F-21DD-4049-9AAD-7283EAC5C04E}.Release|Any CPU.Build.0 = Release|Any CPU
		{BB6BF1EB-0331-451F-B26D-499EEE13975B}.Debug|Any CPU.ActiveCfg = Debug|Any CPU
		{BB6BF1EB-0331-451F-B26D-499EEE13975B}.Debug|Any CPU.Build.0 = Debug|Any CPU
		{BB6BF1EB-0331-451F-B26D-499EEE13975B}.Release|Any CPU.ActiveCfg = Release|Any CPU
		{BB6BF1EB-0331-451F-B26D-499EEE13975B}.Release|Any CPU.Build.0 = Release|Any CPU
		{04AF7E7C-FF66-49C8-9C7A-A4015FE7CD31}.Debug|Any CPU.ActiveCfg = Debug|Any CPU
		{04AF7E7C-FF66-49C8-9C7A-A4015FE7CD31}.Debug|Any CPU.Build.0 = Debug|Any CPU
		{04AF7E7C-FF66-49C8-9C7A-A4015FE7CD31}.Release|Any CPU.ActiveCfg = Release|Any CPU
		{04AF7E7C-FF66-49C8-9C7A-A4015FE7CD31}.Release|Any CPU.Build.0 = Release|Any CPU
		{F1C2B503-57F1-4486-B11E-6D20B3392C14}.Debug|Any CPU.ActiveCfg = Debug|Any CPU
		{F1C2B503-57F1-4486-B11E-6D20B3392C14}.Debug|Any CPU.Build.0 = Debug|Any CPU
		{F1C2B503-57F1-4486-B11E-6D20B3392C14}.Release|Any CPU.ActiveCfg = Release|Any CPU
		{F1C2B503-57F1-4486-B11E-6D20B3392C14}.Release|Any CPU.Build.0 = Release|Any CPU
		{C0E88020-1018-4AA8-8407-54ABE37D0A20}.Debug|Any CPU.ActiveCfg = Debug|Any CPU
		{C0E88020-1018-4AA8-8407-54ABE37D0A20}.Debug|Any CPU.Build.0 = Debug|Any CPU
		{C0E88020-1018-4AA8-8407-54ABE37D0A20}.Release|Any CPU.ActiveCfg = Release|Any CPU
		{C0E88020-1018-4AA8-8407-54ABE37D0A20}.Release|Any CPU.Build.0 = Release|Any CPU
	EndGlobalSection
	GlobalSection(SolutionProperties) = preSolution
		HideSolutionNode = FALSE
	EndGlobalSection
	GlobalSection(ExtensibilityGlobals) = postSolution
		SolutionGuid = {9FDC8AE2-59F2-4B59-AAC9-0B64C884E283}
	EndGlobalSection
EndGlobal
